{
  "requires": true,
  "lockfileVersion": 1,
  "dependencies": {
    "@progress/kendo-angular-dropdowns": {
      "version": "3.0.0",
      "resolved": "https://registry.npmjs.org/@progress/kendo-angular-dropdowns/-/kendo-angular-dropdowns-3.0.0.tgz",
      "integrity": "sha512-8/eLaHJnW8j0ekdlGIdnbqm3IrwhrrsDgf48Y61VgAfOXkbij92vnDmJkSpZkCVY6sdHcNPVNcgHUvLjPjIfvA==",
      "requires": {
        "@progress/kendo-angular-popup": "2.3.0",
        "@progress/kendo-angular-resize-sensor": "3.0.3",
        "@progress/kendo-schematics": "0.2.1",
        "tslib": "1.9.0"
      }
    },
    "@progress/kendo-angular-l10n": {
      "version": "1.2.0",
      "resolved": "https://registry.npmjs.org/@progress/kendo-angular-l10n/-/kendo-angular-l10n-1.2.0.tgz",
      "integrity": "sha512-XwZqk/MKS81AA2/7/9eGirpcppD3H5yKF9g9AlMydVmWdE54MPrTPR4OjRd3JN1d0I9lJOyae34v+BC33nHyGg==",
      "requires": {
        "tslib": "1.9.0"
      }
    },
    "@progress/kendo-angular-popup": {
      "version": "2.3.0",
      "resolved": "https://registry.npmjs.org/@progress/kendo-angular-popup/-/kendo-angular-popup-2.3.0.tgz",
      "integrity": "sha512-Dw++U/rj+iEtosDgDYOZP2YLPWcMeGAOxJ+URA9eOGiDMrA6g+yR39EcHRNbvlHCv3iw+023b58SDGSHGAtxOw==",
      "requires": {
        "@progress/kendo-popup-common": "1.5.2",
        "@progress/kendo-schematics": "0.2.1",
        "tslib": "1.9.0"
      }
    },
    "@progress/kendo-angular-resize-sensor": {
      "version": "3.0.3",
      "resolved": "https://registry.npmjs.org/@progress/kendo-angular-resize-sensor/-/kendo-angular-resize-sensor-3.0.3.tgz",
      "integrity": "sha512-11E2+8dJ9YtKJPZskL/u8y8TaM/d9WakLgL7Zwehr9TatSQiaW0NPzYF9ePqZ271KWyWuMJm3ga4+7NFOAUEuw==",
      "requires": {
        "tslib": "1.9.0"
      }
    },
    "@progress/kendo-popup-common": {
      "version": "1.5.2",
      "resolved": "https://registry.npmjs.org/@progress/kendo-popup-common/-/kendo-popup-common-1.5.2.tgz",
      "integrity": "sha512-pJOveIqOe8nBfwbzI7UKsWj/SEJ4O6NgAEnX/2phwdSmuYV77bMLRw0bFYsrf1lV0DLFxvc4ZGilmisMPRsciA=="
    },
    "@progress/kendo-schematics": {
      "version": "0.2.1",
      "resolved": "https://registry.npmjs.org/@progress/kendo-schematics/-/kendo-schematics-0.2.1.tgz",
      "integrity": "sha512-r98NRjDQyW+Ujiwcb4H1E8beOATKmKEg3lvD0M4nmiy0iUZslnEENKULRoKcXOMUPakWOMc0/U7cd4v317b+hA=="
    },
    "@progress/kendo-theme-default": {
      "version": "2.52.2",
      "resolved": "https://registry.npmjs.org/@progress/kendo-theme-default/-/kendo-theme-default-2.52.2.tgz",
      "integrity": "sha512-kll8OoWIDeZ6VOFQXUEeA0lz0W+vlE95LDeZGVUPX/N4TpNJR5ofYcPoqxqfs60NWu166Vb6U0nNaT9b62Zzew=="
    },
    "tslib": {
      "version": "1.9.0",
      "resolved": "https://registry.npmjs.org/tslib/-/tslib-1.9.0.tgz",
      "integrity": "sha512-f/qGG2tUkrISBlQZEjEqoZ3B2+npJjIf04H1wuAv9iA8i04Icp+61KRXxFdha22670NJopsZCIjhC3SnjPRKrQ=="
    }
  }
}
